
Microsoft Visual Studio Solution File, Format Version 12.00
# Visual Studio Version 17
VisualStudioVersion = 17.0.31912.275
MinimumVisualStudioVersion = 10.0.40219.1
Project("{FAE04EC0-301F-11D3-BF4B-00C04F79EFBC}") = "getExplorerFilesSample", "getExplorerFilesSample\getExplorerFilesSample.csproj", "{CB52C9A0-5FC2-48D3-972C-908F7D3B8BBC}"
EndProject
Global
	GlobalSection(SolutionConfigurationPlatforms) = preSolution
		Debug|Any CPU = Debug|Any CPU
		Release|Any CPU = Release|Any CPU
	EndGlobalSection
	GlobalSection(ProjectConfigurationPlatforms) = postSolution
		{CB52C9A0-5FC2-48D3-972C-908F7D3B8BBC}.Debug|Any CPU.ActiveCfg = Debug|Any CPU
		{CB52C9A0-5FC2-48D3-972C-908F7D3B8BBC}.Debug|Any CPU.Build.0 = Debug|Any CPU
		{CB52C9A0-5FC2-48D3-972C-908F7D3B8BBC}.Release|Any CPU.ActiveCfg = Release|Any CPU
		{CB52C9A0-5FC2-48D3-972C-908F7D3B8BBC}.Release|Any CPU.Build.0 = Release|Any CPU
	EndGlobalSection
	GlobalSection(SolutionProperties) = preSolution
		HideSolutionNode = FALSE
	EndGlobalSection
	GlobalSection(ExtensibilityGlobals) = postSolution
		SolutionGuid = {EA8C5504-53B8-4C86-AFA7-13790C9B8FE1}
	EndGlobalSection
EndGlobal
